// !$*UTF8*$!
{
	archiveVersion = 1;
	classes = {
	};
	objectVersion = 46;
	objects = {

/* Begin PBXBuildFile section */
		97CA78DB16724CDA00DF1E3A /* main.cpp in Sources */ = {isa = PBXBuildFile; fileRef = 97CA78DA16724CDA00DF1E3A /* main.cpp */; };
		97CA78DD16724CDA00DF1E3A /* DataBindingBridge.1 in CopyFiles */ = {isa = PBXBuildFile; fileRef = 97CA78DC16724CDA00DF1E3A /* DataBindingBridge.1 */; };
/* End PBXBuildFile section */

/* Begin PBXCopyFilesBuildPhase section */
		97CA78D416724CDA00DF1E3A /* CopyFiles */ = {
			isa = PBXCopyFilesBuildPhase;
			buildActionMask = 2147483647;
			dstPath = /usr/share/man/man1/;
			dstSubfolderSpec = 0;
			files = (
				97CA78DD16724CDA00DF1E3A /* DataBindingBridge.1 in CopyFiles */,
			);
			runOnlyForDeploymentPostprocessing = 1;
		};
/* End PBXCopyFilesBuildPhase section */

/* Begin PBXFileReference section */
		97CA78D616724CDA00DF1E3A /* DataBindingBridge */ = {isa = PBXFileReference; explicitFileType = "compiled.mach-o.executable"; includeInIndex = 0; path = DataBindingBridge; sourceTree = BUILT_PRODUCTS_DIR; };
		97CA78DA16724CDA00DF1E3A /* main.cpp */ = {isa = PBXFileReference; lastKnownFileType = sourcecode.cpp.cpp; path = main.cpp; sourceTree = "<group>"; };
		97CA78DC16724CDA00DF1E3A /* DataBindingBridge.1 */ = {isa = PBXFileReference; lastKnownFileType = text.man; path = DataBindingBridge.1; sourceTree = "<group>"; };
/* End PBXFileReference section */

/* Begin PBXFrameworksBuildPhase section */
		97CA78D316724CDA00DF1E3A /* Frameworks */ = {
			isa = PBXFrameworksBuildPhase;
			buildActionMask = 2147483647;
			files = (
			);
			runOnlyForDeploymentPostprocessing = 0;
		};
/* End PBXFrameworksBuildPhase section */

/* Begin PBXGroup section */
		97CA78CB16724CD900DF1E3A = {
			isa = PBXGroup;
			children = (
				97CA78D916724CDA00DF1E3A /* DataBindingBridge */,
				97CA78D716724CDA00DF1E3A /* Products */,
			);
			sourceTree = "<group>";
		};
		97CA78D716724CDA00DF1E3A /* Products */ = {
			isa = PBXGroup;
			children = (
				97CA78D616724CDA00DF1E3A /* DataBindingBridge */,
			);
			name = Products;
			sourceTree = "<group>";
		};
		97CA78D916724CDA00DF1E3A /* DataBindingBridge */ = {
			isa = PBXGroup;
			children = (
				97CA78DA16724CDA00DF1E3A /* main.cpp */,
				97CA78DC16724CDA00DF1E3A /* DataBindingBridge.1 */,
			);
			path = DataBindingBridge;
			sourceTree = "<group>";
		};
/* End PBXGroup section */

/* Begin PBXNativeTarget section */
		97CA78D516724CDA00DF1E3A /* DataBindingBridge */ = {
			isa = PBXNativeTarget;
			buildConfigurationList = 97CA78E016724CDA00DF1E3A /* Build configuration list for PBXNativeTarget "DataBindingBridge" */;
			buildPhases = (
				97CA78D216724CDA00DF1E3A /* Sources */,
				97CA78D316724CDA00DF1E3A /* Frameworks */,
				97CA78D416724CDA00DF1E3A /* CopyFiles */,
			);
			buildRules = (
			);
			dependencies = (
			);
			name = DataBindingBridge;
			productName = DataBindingBridge;
			productReference = 97CA78D616724CDA00DF1E3A /* DataBindingBridge */;
			productType = "com.apple.product-type.tool";
		};
/* End PBXNativeTarget section */

/* Begin PBXProject section */
		97CA78CD16724CD900DF1E3A /* Project object */ = {
			isa = PBXProject;
			attributes = {
				LastUpgradeCheck = 0420;
			};
			buildConfigurationList = 97CA78D016724CD900DF1E3A /* Build configuration list for PBXProject "DataBindingBridge" */;
			compatibilityVersion = "Xcode 3.2";
			developmentRegion = English;
			hasScannedForEncodings = 0;
			knownRegions = (
				en,
			);
			mainGroup = 97CA78CB16724CD900DF1E3A;
			productRefGroup = 97CA78D716724CDA00DF1E3A /* Products */;
			projectDirPath = "";
			projectRoot = "";
			targets = (
				97CA78D516724CDA00DF1E3A /* DataBindingBridge */,
			);
		};
/* End PBXProject section */

/* Begin PBXSourcesBuildPhase section */
		97CA78D216724CDA00DF1E3A /* Sources */ = {
			isa = PBXSourcesBuildPhase;
			buildActionMask = 2147483647;
			files = (
				97CA78DB16724CDA00DF1E3A /* main.cpp in Sources */,
			);
			runOnlyForDeploymentPostprocessing = 0;
		};
/* End PBXSourcesBuildPhase section */

/* Begin XCBuildConfiguration section */
		97CA78DE16724CDA00DF1E3A /* Debug */ = {
			isa = XCBuildConfiguration;
			buildSettings = {
				ALWAYS_SEARCH_USER_PATHS = NO;
				ARCHS = "$(ARCHS_STANDARD_64_BIT)";
				CLANG_ENABLE_OBJC_ARC = YES;
				COPY_PHASE_STRIP = NO;
				GCC_C_LANGUAGE_STANDARD = gnu99;
				GCC_DYNAMIC_NO_PIC = NO;
				GCC_ENABLE_OBJC_EXCEPTIONS = YES;
				GCC_OPTIMIZATION_LEVEL = 0;
				GCC_PREPROCESSOR_DEFINITIONS = (
					"DEBUG=1",
					"$(inherited)",
				);
				GCC_SYMBOLS_PRIVATE_EXTERN = NO;
				GCC_VERSION = com.apple.compilers.llvm.clang.1_0;
				GCC_WARN_64_TO_32_BIT_CONVERSION = YES;
				GCC_WARN_ABOUT_MISSING_PROTOTYPES = YES;
				GCC_WARN_ABOUT_RETURN_TYPE = YES;
				GCC_WARN_UNUSED_VARIABLE = YES;
				MACOSX_DEPLOYMENT_TARGET = 10.7;
				ONLY_ACTIVE_ARCH = YES;
				SDKROOT = macosx;
			};
			name = Debug;
		};
		97CA78DF16724CDA00DF1E3A /* Release */ = {
			isa = XCBuildConfiguration;
			buildSettings = {
				ALWAYS_SEARCH_USER_PATHS = NO;
				ARCHS = "$(ARCHS_STANDARD_64_BIT)";
				CLANG_ENABLE_OBJC_ARC = YES;
				COPY_PHASE_STRIP = YES;
				DEBUG_INFORMATION_FORMAT = "dwarf-with-dsym";
				GCC_C_LANGUAGE_STANDARD = gnu99;
				GCC_ENABLE_OBJC_EXCEPTIONS = YES;
				GCC_VERSION = com.apple.compilers.llvm.clang.1_0;
				GCC_WARN_64_TO_32_BIT_CONVERSION = YES;
				GCC_WARN_ABOUT_MISSING_PROTOTYPES = YES;
				GCC_WARN_ABOUT_RETURN_TYPE = YES;
				GCC_WARN_UNUSED_VARIABLE = YES;
				MACOSX_DEPLOYMENT_TARGET = 10.7;
				SDKROOT = macosx;
			};
			name = Release;
		};
		97CA78E116724CDA00DF1E3A /* Debug */ = {
			isa = XCBuildConfiguration;
			buildSettings = {
				PRODUCT_NAME = "$(TARGET_NAME)";
			};
			name = Debug;
		};
		97CA78E216724CDA00DF1E3A /* Release */ = {
			isa = XCBuildConfiguration;
			buildSettings = {
				PRODUCT_NAME = "$(TARGET_NAME)";
			};
			name = Release;
		};
/* End XCBuildConfiguration section */

/* Begin XCConfigurationList section */
		97CA78D016724CD900DF1E3A /* Build configuration list for PBXProject "DataBindingBridge" */ = {
			isa = XCConfigurationList;
			buildConfigurations = (
				97CA78DE16724CDA00DF1E3A /* Debug */,
				97CA78DF16724CDA00DF1E3A /* Release */,
			);
			defaultConfigurationIsVisible = 0;
			defaultConfigurationName = Release;
		};
		97CA78E016724CDA00DF1E3A /* Build configuration list for PBXNativeTarget "DataBindingBridge" */ = {
			isa = XCConfigurationList;
			buildConfigurations = (
				97CA78E116724CDA00DF1E3A /* Debug */,
				97CA78E216724CDA00DF1E3A /* Release */,
			);
			defaultConfigurationIsVisible = 0;
		};
/* End XCConfigurationList section */
	};
	rootObject = 97CA78CD16724CD900DF1E3A /* Project object */;
}
